<?xml version="1.0" encoding="UTF-8"?>
<Scheme
   LastUpgradeVersion = "2640"
   wasCreatedForAppExtension = "YES"
   version = "2.0">
   <BuildAction
      parallelizeBuildables = "YES"
      buildImplicitDependencies = "YES"
      buildArchitectures = "Automatic">
      <BuildActionEntries>
         <BuildActionEntry
            buildForTesting = "YES"
            buildForRunning = "YES"
            buildForProfiling = "YES"
            buildForArchiving = "YES"
            buildForAnalyzing = "YES">
            <BuildableReference
               BuildableIdentifier = "primary"
               BlueprintIdentifier = "23E7B1E72F8E9BFE00007F2B"
               BuildableName = "PrayerComplicationExtension.appex"
               BlueprintName = "PrayerComplicationExtension"
               ReferencedContainer = "container:Muslim Clock.xcodeproj">
            </BuildableReference>
         </BuildActionEntry>
         <BuildActionEntry
            buildForTesting = "YES"
            buildForRunning = "YES"
            buildForProfiling = "YES"
            buildForArchiving = "YES"
            buildForAnalyzing = "YES">
            <BuildableReference
               BuildableIdentifier = "primary"
               BlueprintIdentifier = "2364938D2F76918E00788B1B"
               BuildableName = "Muslim Clock.app"
               BlueprintName = "Muslim Clock"
               ReferencedContainer = "container:Muslim Clock.xcodeproj">
            </BuildableReference>
         </BuildActionEntry>
         <BuildActionEntry
            buildForTesting = "YES"
            buildForRunning = "YES"
            buildForProfiling = "YES"
            buildForArchiving = "YES"
            buildForAnalyzing = "YES">
            <BuildableReference
               BuildableIdentifier = "primary"
               BlueprintIdentifier = "23E7B1AD2F8962DD00007F2B"
               BuildableName = "WatchExtension Watch App.app"
               BlueprintName = "WatchExtension Watch App"
               ReferencedContainer = "container:Muslim Clock.xcodeproj">
            </BuildableReference>
         </BuildActionEntry>
      </BuildActionEntries>
   </BuildAction>
   <TestAction
      buildConfiguration = "Debug"
      selectedDebuggerIdentifier = "Xcode.DebuggerFoundation.Debugger.LLDB"
      selectedLauncherIdentifier = "Xcode.DebuggerFoundation.Launcher.LLDB"
      shouldUseLaunchSchemeArgsEnv = "YES"
      shouldAutocreateTestPlan = "YES">
   </TestAction>
   <LaunchAction
      buildConfiguration = "Debug"
      selectedDebuggerIdentifier = ""
      selectedLauncherIdentifier = "Xcode.IDEFoundation.Launcher.PosixSpawn"
      launchStyle = "0"
      askForAppToLaunch = "Yes"
      useCustomWorkingDirectory = "NO"
      ignoresPersistentStateOnLaunch = "NO"
      debugDocumentVersioning = "YES"
      debugServiceExtension = "internal"
      allowLocationSimulation = "YES"
      launchAutomaticallySubstyle = "2"
      queueDebuggingEnableBacktraceRecording = "Yes">
      <BuildableProductRunnable
         runnableDebuggingMode = "0">
         <BuildableReference
            BuildableIdentifier = "primary"
            BlueprintIdentifier = "23E7B1E72F8E9BFE00007F2B"
            BuildableName = "PrayerComplicationExtension.appex"
            BlueprintName = "PrayerComplicationExtension"
            ReferencedContainer = "container:Muslim Clock.xcodeproj">
         </BuildableReference>
      </BuildableProductRunnable>
      <MacroExpansion>
         <BuildableReference
            BuildableIdentifier = "primary"
            BlueprintIdentifier = "2364938D2F76918E00788B1B"
            BuildableName = "Muslim Clock.app"
            BlueprintName = "Muslim Clock"
            ReferencedContainer = "container:Muslim Clock.xcodeproj">
         </BuildableReference>
      </MacroExpansion>
      <EnvironmentVariables>
         <EnvironmentVariable
            key = "_XCWidgetKind"
            value = ""
            isEnabled = "YES">
         </EnvironmentVariable>
         <EnvironmentVariable
            key = "_XCWidgetDefaultView"
            value = "timeline"
            isEnabled = "YES">
         </EnvironmentVariable>
         <EnvironmentVariable
            key = "_XCWidgetFamily"
            value = "systemMedium"
            isEnabled = "YES">
         </EnvironmentVariable>
      </EnvironmentVariables>
   </LaunchAction>
   <ProfileAction
      buildConfiguration = "Release"
      shouldUseLaunchSchemeArgsEnv = "YES"
      savedToolIdentifier = ""
      useCustomWorkingDirectory = "NO"
      debugDocumentVersioning = "YES">
      <BuildableProductRunnable
         runnableDebuggingMode = "0">
         <BuildableReference
            BuildableIdentifier = "primary"
            BlueprintIdentifier = "23E7B1E72F8E9BFE00007F2B"
            BuildableName = "PrayerComplicationExtension.appex"
            BlueprintName = "PrayerComplicationExtension"
            ReferencedContainer = "container:Muslim Clock.xcodeproj">
         </BuildableReference>
      </BuildableProductRunnable>
   </ProfileAction>
   <AnalyzeAction
      buildConfiguration = "Debug">
   </AnalyzeAction>
   <ArchiveAction
      buildConfiguration = "Release"
      revealArchiveInOrganizer = "YES">
   </ArchiveAction>
</Scheme>
